
Microsoft Visual Studio Solution File, Format Version 12.00
Project("{FAE04EC0-301F-11D3-BF4B-00C04F79EFBC}") = "Task1", "Task1\Task1.csproj", "{BFE345F3-0FE1-414C-863B-BA454BB3A6F7}"
EndProject
Project("{FAE04EC0-301F-11D3-BF4B-00C04F79EFBC}") = "Strategies", "Strategies\Strategies.csproj", "{90EE0234-A3A8-4896-B0A2-5847D44FC3AC}"
EndProject
Global
	GlobalSection(SolutionConfigurationPlatforms) = preSolution
		Debug|Any CPU = Debug|Any CPU
		Release|Any CPU = Release|Any CPU
	EndGlobalSection
	GlobalSection(ProjectConfigurationPlatforms) = postSolution
		{BFE345F3-0FE1-414C-863B-BA454BB3A6F7}.Debug|Any CPU.ActiveCfg = Debug|Any CPU
		{BFE345F3-0FE1-414C-863B-BA454BB3A6F7}.Debug|Any CPU.Build.0 = Debug|Any CPU
		{BFE345F3-0FE1-414C-863B-BA454BB3A6F7}.Release|Any CPU.ActiveCfg = Release|Any CPU
		{BFE345F3-0FE1-414C-863B-BA454BB3A6F7}.Release|Any CPU.Build.0 = Release|Any CPU
		{90EE0234-A3A8-4896-B0A2-5847D44FC3AC}.Debug|Any CPU.ActiveCfg = Debug|Any CPU
		{90EE0234-A3A8-4896-B0A2-5847D44FC3AC}.Debug|Any CPU.Build.0 = Debug|Any CPU
		{90EE0234-A3A8-4896-B0A2-5847D44FC3AC}.Release|Any CPU.ActiveCfg = Release|Any CPU
		{90EE0234-A3A8-4896-B0A2-5847D44FC3AC}.Release|Any CPU.Build.0 = Release|Any CPU
	EndGlobalSection
EndGlobal
